
Microsoft Visual Studio Solution File, Format Version 12.00
# Visual Studio 15
VisualStudioVersion = 15.0.27004.2002
MinimumVisualStudioVersion = 10.0.40219.1
Project("{FAE04EC0-301F-11D3-BF4B-00C04F79EFBC}") = "INMETRO.CIPP.API", "INMETRO.CIPP.API\INMETRO.CIPP.API.csproj", "{6E25696E-194C-46FE-BF6F-4F755860D368}"
EndProject
Project("{FAE04EC0-301F-11D3-BF4B-00C04F79EFBC}") = "INMETRO.CIPP.SERVICOS", "INMETRO.CIPP.SERVICOS\INMETRO.CIPP.SERVICOS.csproj", "{787BE0E3-ACEA-46E9-8516-5680907B2B5C}"
EndProject
Project("{FAE04EC0-301F-11D3-BF4B-00C04F79EFBC}") = "INMETRO.CIPP.DOMINIO", "INMETRO.CIPP.DOMINIO\INMETRO.CIPP.DOMINIO.csproj", "{55BDD78F-925F-42EC-9ADC-D372CBD559DA}"
EndProject
Project("{FAE04EC0-301F-11D3-BF4B-00C04F79EFBC}") = "INMETRO.CIPP.INFRA.ENTITYFRAMEWORK", "INMETRO.CIPP.INFRA.ENTITYFRAMEWORK\INMETRO.CIPP.INFRA.ENTITYFRAMEWORK.csproj", "{3CB25C7F-4C2A-47B7-BD2F-4E80B11ADFCC}"
EndProject
Project("{FAE04EC0-301F-11D3-BF4B-00C04F79EFBC}") = "INMETRO.CIPP.INFRA.IoC", "INMETRO.CIPP.INFRA.IoC\INMETRO.CIPP.INFRA.IoC.csproj", "{5C5F8429-3C82-455C-AD4D-D606DB61B8DB}"
EndProject
Project("{FAE04EC0-301F-11D3-BF4B-00C04F79EFBC}") = "INMETRO.CIPP.INFRA.REPOSITORIO", "INMETRO.CIPP.INFRA.REPOSITORIO\INMETRO.CIPP.INFRA.REPOSITORIO.csproj", "{DCCAEE2C-F142-4CF0-BA8D-342F35EDB3A3}"
EndProject
Project("{FAE04EC0-301F-11D3-BF4B-00C04F79EFBC}") = "INMETRO.CIPP.SHARED", "INMETRO.CIPP.SHARED\INMETRO.CIPP.SHARED.csproj", "{725AB552-0591-43B2-AE4F-57ABF1E52F16}"
EndProject
Project("{FAE04EC0-301F-11D3-BF4B-00C04F79EFBC}") = "INMETRO.CIPP.TESTE", "INMETRO.CIPP.TESTE\INMETRO.CIPP.TESTE.csproj", "{C206531D-529A-4813-80AB-7BFAA4C659B2}"
EndProject
Project("{2150E333-8FDC-42A3-9474-1A3956D46DE8}") = "1 - API", "1 - API", "{D2888102-B56E-432B-BB6A-A4D7593C72F1}"
EndProject
Project("{2150E333-8FDC-42A3-9474-1A3956D46DE8}") = "2 - SERVICOS", "2 - SERVICOS", "{F8A51BE1-0F06-4A64-913C-9CCE4E68DD3C}"
EndProject
Project("{2150E333-8FDC-42A3-9474-1A3956D46DE8}") = "3 - DOMINIO", "3 - DOMINIO", "{B5F9998B-8BCD-464F-9881-500EA515BF8B}"
EndProject
Project("{2150E333-8FDC-42A3-9474-1A3956D46DE8}") = "4 - INFRA", "4 - INFRA", "{9CDCB731-7E67-43A1-BBA2-491D1D1761A4}"
EndProject
Project("{2150E333-8FDC-42A3-9474-1A3956D46DE8}") = "5 - SHARED", "5 - SHARED", "{90678FBF-499C-48A2-A350-22F90839B2FD}"
EndProject
Project("{2150E333-8FDC-42A3-9474-1A3956D46DE8}") = "6 - TESTE", "6 - TESTE", "{BF01B863-2A08-4160-9AFE-439D9014DD77}"
EndProject
Project("{FAE04EC0-301F-11D3-BF4B-00C04F79EFBC}") = "INMETRO.CIPP.WEB", "INMETRO.CIPP.WEB\INMETRO.CIPP.WEB.csproj", "{C895F720-2570-4FEE-8609-DB26B2326896}"
EndProject
Project("{2150E333-8FDC-42A3-9474-1A3956D46DE8}") = "0 - WEB", "0 - WEB", "{B91A68B8-8BE1-48F5-8B43-B05BCDE3F8C7}"
EndProject
Global
	GlobalSection(SolutionConfigurationPlatforms) = preSolution
		Debug|Any CPU = Debug|Any CPU
		Release|Any CPU = Release|Any CPU
	EndGlobalSection
	GlobalSection(ProjectConfigurationPlatforms) = postSolution
		{6E25696E-194C-46FE-BF6F-4F755860D368}.Debug|Any CPU.ActiveCfg = Debug|Any CPU
		{6E25696E-194C-46FE-BF6F-4F755860D368}.Debug|Any CPU.Build.0 = Debug|Any CPU
		{6E25696E-194C-46FE-BF6F-4F755860D368}.Release|Any CPU.ActiveCfg = Release|Any CPU
		{6E25696E-194C-46FE-BF6F-4F755860D368}.Release|Any CPU.Build.0 = Release|Any CPU
		{787BE0E3-ACEA-46E9-8516-5680907B2B5C}.Debug|Any CPU.ActiveCfg = Debug|Any CPU
		{787BE0E3-ACEA-46E9-8516-5680907B2B5C}.Debug|Any CPU.Build.0 = Debug|Any CPU
		{787BE0E3-ACEA-46E9-8516-5680907B2B5C}.Release|Any CPU.ActiveCfg = Release|Any CPU
		{787BE0E3-ACEA-46E9-8516-5680907B2B5C}.Release|Any CPU.Build.0 = Release|Any CPU
		{55BDD78F-925F-42EC-9ADC-D372CBD559DA}.Debug|Any CPU.ActiveCfg = Debug|Any CPU
		{55BDD78F-925F-42EC-9ADC-D372CBD559DA}.Debug|Any CPU.Build.0 = Debug|Any CPU
		{55BDD78F-925F-42EC-9ADC-D372CBD559DA}.Release|Any CPU.ActiveCfg = Release|Any CPU
		{55BDD78F-925F-42EC-9ADC-D372CBD559DA}.Release|Any CPU.Build.0 = Release|Any CPU
		{3CB25C7F-4C2A-47B7-BD2F-4E80B11ADFCC}.Debug|Any CPU.ActiveCfg = Debug|Any CPU
		{3CB25C7F-4C2A-47B7-BD2F-4E80B11ADFCC}.Debug|Any CPU.Build.0 = Debug|Any CPU
		{3CB25C7F-4C2A-47B7-BD2F-4E80B11ADFCC}.Release|Any CPU.ActiveCfg = Release|Any CPU
		{3CB25C7F-4C2A-47B7-BD2F-4E80B11ADFCC}.Release|Any CPU.Build.0 = Release|Any CPU
		{5C5F8429-3C82-455C-AD4D-D606DB61B8DB}.Debug|Any CPU.ActiveCfg = Debug|Any CPU
		{5C5F8429-3C82-455C-AD4D-D606DB61B8DB}.Debug|Any CPU.Build.0 = Debug|Any CPU
		{5C5F8429-3C82-455C-AD4D-D606DB61B8DB}.Release|Any CPU.ActiveCfg = Release|Any CPU
		{5C5F8429-3C82-455C-AD4D-D606DB61B8DB}.Release|Any CPU.Build.0 = Release|Any CPU
		{DCCAEE2C-F142-4CF0-BA8D-342F35EDB3A3}.Debug|Any CPU.ActiveCfg = Debug|Any CPU
		{DCCAEE2C-F142-4CF0-BA8D-342F35EDB3A3}.Debug|Any CPU.Build.0 = Debug|Any CPU
		{DCCAEE2C-F142-4CF0-BA8D-342F35EDB3A3}.Release|Any CPU.ActiveCfg = Release|Any CPU
		{DCCAEE2C-F142-4CF0-BA8D-342F35EDB3A3}.Release|Any CPU.Build.0 = Release|Any CPU
		{725AB552-0591-43B2-AE4F-57ABF1E52F16}.Debug|Any CPU.ActiveCfg = Debug|Any CPU
		{725AB552-0591-43B2-AE4F-57ABF1E52F16}.Debug|Any CPU.Build.0 = Debug|Any CPU
		{725AB552-0591-43B2-AE4F-57ABF1E52F16}.Release|Any CPU.ActiveCfg = Release|Any CPU
		{725AB552-0591-43B2-AE4F-57ABF1E52F16}.Release|Any CPU.Build.0 = Release|Any CPU
		{C206531D-529A-4813-80AB-7BFAA4C659B2}.Debug|Any CPU.ActiveCfg = Debug|Any CPU
		{C206531D-529A-4813-80AB-7BFAA4C659B2}.Debug|Any CPU.Build.0 = Debug|Any CPU
		{C206531D-529A-4813-80AB-7BFAA4C659B2}.Release|Any CPU.ActiveCfg = Release|Any CPU
		{C206531D-529A-4813-80AB-7BFAA4C659B2}.Release|Any CPU.Build.0 = Release|Any CPU
		{C895F720-2570-4FEE-8609-DB26B2326896}.Debug|Any CPU.ActiveCfg = Debug|Any CPU
		{C895F720-2570-4FEE-8609-DB26B2326896}.Debug|Any CPU.Build.0 = Debug|Any CPU
		{C895F720-2570-4FEE-8609-DB26B2326896}.Release|Any CPU.ActiveCfg = Release|Any CPU
		{C895F720-2570-4FEE-8609-DB26B2326896}.Release|Any CPU.Build.0 = Release|Any CPU
	EndGlobalSection
	GlobalSection(SolutionProperties) = preSolution
		HideSolutionNode = FALSE
	EndGlobalSection
	GlobalSection(NestedProjects) = preSolution
		{6E25696E-194C-46FE-BF6F-4F755860D368} = {D2888102-B56E-432B-BB6A-A4D7593C72F1}
		{787BE0E3-ACEA-46E9-8516-5680907B2B5C} = {F8A51BE1-0F06-4A64-913C-9CCE4E68DD3C}
		{55BDD78F-925F-42EC-9ADC-D372CBD559DA} = {B5F9998B-8BCD-464F-9881-500EA515BF8B}
		{3CB25C7F-4C2A-47B7-BD2F-4E80B11ADFCC} = {9CDCB731-7E67-43A1-BBA2-491D1D1761A4}
		{5C5F8429-3C82-455C-AD4D-D606DB61B8DB} = {9CDCB731-7E67-43A1-BBA2-491D1D1761A4}
		{DCCAEE2C-F142-4CF0-BA8D-342F35EDB3A3} = {9CDCB731-7E67-43A1-BBA2-491D1D1761A4}
		{725AB552-0591-43B2-AE4F-57ABF1E52F16} = {90678FBF-499C-48A2-A350-22F90839B2FD}
		{C206531D-529A-4813-80AB-7BFAA4C659B2} = {BF01B863-2A08-4160-9AFE-439D9014DD77}
		{C895F720-2570-4FEE-8609-DB26B2326896} = {B91A68B8-8BE1-48F5-8B43-B05BCDE3F8C7}
	EndGlobalSection
	GlobalSection(ExtensibilityGlobals) = postSolution
		SolutionGuid = {D2B5178D-55D5-453E-885B-5451AE1FDD1C}
	EndGlobalSection
EndGlobal
